
Microsoft Visual Studio Solution File, Format Version 12.00
# Visual Studio Version 17
VisualStudioVersion = 17.10.35013.160
MinimumVisualStudioVersion = 10.0.40219.1
Project("{FAE04EC0-301F-11D3-BF4B-00C04F79EFBC}") = "PruebaTecnica", "PruebaTecnica\PruebaTecnica.csproj", "{1DC65FEF-102B-42A2-B275-DB412836D8B8}"
EndProject
Global
	GlobalSection(SolutionConfigurationPlatforms) = preSolution
		Debug|Any CPU = Debug|Any CPU
		Release|Any CPU = Release|Any CPU
	EndGlobalSection
	GlobalSection(ProjectConfigurationPlatforms) = postSolution
		{1DC65FEF-102B-42A2-B275-DB412836D8B8}.Debug|Any CPU.ActiveCfg = Debug|Any CPU
		{1DC65FEF-102B-42A2-B275-DB412836D8B8}.Debug|Any CPU.Build.0 = Debug|Any CPU
		{1DC65FEF-102B-42A2-B275-DB412836D8B8}.Release|Any CPU.ActiveCfg = Release|Any CPU
		{1DC65FEF-102B-42A2-B275-DB412836D8B8}.Release|Any CPU.Build.0 = Release|Any CPU
	EndGlobalSection
	GlobalSection(SolutionProperties) = preSolution
		HideSolutionNode = FALSE
	EndGlobalSection
	GlobalSection(ExtensibilityGlobals) = postSolution
		SolutionGuid = {1491FA1F-86AB-42F1-9882-B7546F489BE0}
	EndGlobalSection
EndGlobal
